
Microsoft Visual Studio Solution File, Format Version 12.00
# Visual Studio Version 16
VisualStudioVersion = 16.0.30225.117
MinimumVisualStudioVersion = 10.0.40219.1
Project("{FAE04EC0-301F-11D3-BF4B-00C04F79EFBC}") = "BTL", "BTL\BTL.csproj", "{4AA8DFBC-CB02-441C-AD5F-1FFBF218BEF5}"
EndProject
Project("{FAE04EC0-301F-11D3-BF4B-00C04F79EFBC}") = "DALs", "DALs\DALs.csproj", "{F816CB9E-5235-4490-8A31-703EF4DDCF9C}"
EndProject
Project("{FAE04EC0-301F-11D3-BF4B-00C04F79EFBC}") = "DTOs", "DTOs\DTOs.csproj", "{E2D740D5-579D-41F2-B7CE-31B4CC3459DB}"
EndProject
Project("{FAE04EC0-301F-11D3-BF4B-00C04F79EFBC}") = "BULs", "BULs\BULs.csproj", "{FC76E092-1C2A-49D1-88AB-2951DD63C0E7}"
EndProject
Global
	GlobalSection(SolutionConfigurationPlatforms) = preSolution
		Debug|Any CPU = Debug|Any CPU
		Release|Any CPU = Release|Any CPU
	EndGlobalSection
	GlobalSection(ProjectConfigurationPlatforms) = postSolution
		{4AA8DFBC-CB02-441C-AD5F-1FFBF218BEF5}.Debug|Any CPU.ActiveCfg = Debug|Any CPU
		{4AA8DFBC-CB02-441C-AD5F-1FFBF218BEF5}.Debug|Any CPU.Build.0 = Debug|Any CPU
		{4AA8DFBC-CB02-441C-AD5F-1FFBF218BEF5}.Release|Any CPU.ActiveCfg = Release|Any CPU
		{4AA8DFBC-CB02-441C-AD5F-1FFBF218BEF5}.Release|Any CPU.Build.0 = Release|Any CPU
		{F816CB9E-5235-4490-8A31-703EF4DDCF9C}.Debug|Any CPU.ActiveCfg = Debug|Any CPU
		{F816CB9E-5235-4490-8A31-703EF4DDCF9C}.Debug|Any CPU.Build.0 = Debug|Any CPU
		{F816CB9E-5235-4490-8A31-703EF4DDCF9C}.Release|Any CPU.ActiveCfg = Release|Any CPU
		{F816CB9E-5235-4490-8A31-703EF4DDCF9C}.Release|Any CPU.Build.0 = Release|Any CPU
		{E2D740D5-579D-41F2-B7CE-31B4CC3459DB}.Debug|Any CPU.ActiveCfg = Debug|Any CPU
		{E2D740D5-579D-41F2-B7CE-31B4CC3459DB}.Debug|Any CPU.Build.0 = Debug|Any CPU
		{E2D740D5-579D-41F2-B7CE-31B4CC3459DB}.Release|Any CPU.ActiveCfg = Release|Any CPU
		{E2D740D5-579D-41F2-B7CE-31B4CC3459DB}.Release|Any CPU.Build.0 = Release|Any CPU
		{FC76E092-1C2A-49D1-88AB-2951DD63C0E7}.Debug|Any CPU.ActiveCfg = Debug|Any CPU
		{FC76E092-1C2A-49D1-88AB-2951DD63C0E7}.Debug|Any CPU.Build.0 = Debug|Any CPU
		{FC76E092-1C2A-49D1-88AB-2951DD63C0E7}.Release|Any CPU.ActiveCfg = Release|Any CPU
		{FC76E092-1C2A-49D1-88AB-2951DD63C0E7}.Release|Any CPU.Build.0 = Release|Any CPU
	EndGlobalSection
	GlobalSection(SolutionProperties) = preSolution
		HideSolutionNode = FALSE
	EndGlobalSection
	GlobalSection(ExtensibilityGlobals) = postSolution
		SolutionGuid = {814593CC-CFED-4DE2-8DB6-3A4D076F879A}
	EndGlobalSection
EndGlobal
